
Microsoft Visual Studio Solution File, Format Version 12.00
# Visual Studio Version 17
VisualStudioVersion = 17.1.32407.343
MinimumVisualStudioVersion = 10.0.40219.1
Project("{FAE04EC0-301F-11D3-BF4B-00C04F79EFBC}") = "HomeSensors.Console", "HomeSensors.Console\HomeSensors.Console.csproj", "{55A4440C-9060-4C6C-994A-20B8E7675C37}"
EndProject
Global
	GlobalSection(SolutionConfigurationPlatforms) = preSolution
		Debug|Any CPU = Debug|Any CPU
		Release|Any CPU = Release|Any CPU
	EndGlobalSection
	GlobalSection(ProjectConfigurationPlatforms) = postSolution
		{55A4440C-9060-4C6C-994A-20B8E7675C37}.Debug|Any CPU.ActiveCfg = Debug|Any CPU
		{55A4440C-9060-4C6C-994A-20B8E7675C37}.Debug|Any CPU.Build.0 = Debug|Any CPU
		{55A4440C-9060-4C6C-994A-20B8E7675C37}.Release|Any CPU.ActiveCfg = Release|Any CPU
		{55A4440C-9060-4C6C-994A-20B8E7675C37}.Release|Any CPU.Build.0 = Release|Any CPU
	EndGlobalSection
	GlobalSection(SolutionProperties) = preSolution
		HideSolutionNode = FALSE
	EndGlobalSection
	GlobalSection(ExtensibilityGlobals) = postSolution
		SolutionGuid = {20BE0C87-5F31-4357-88B8-59DA4D9D7CF1}
	EndGlobalSection
EndGlobal
